// !$*UTF8*$!
{
	archiveVersion = 1;
	classes = {
	};
	objectVersion = 46;
	objects = {

/* Begin PBXBuildFile section */
		00FD768A1ADF7E8500B37AA2 /* main.m in Sources */ = {isa = PBXBuildFile; fileRef = 00FD76891ADF7E8500B37AA2 /* main.m */; };
		00FD768D1ADF7E8500B37AA2 /* AppDelegate.m in Sources */ = {isa = PBXBuildFile; fileRef = 00FD768C1ADF7E8500B37AA2 /* AppDelegate.m */; };
		00FD76901ADF7E8500B37AA2 /* ViewController.m in Sources */ = {isa = PBXBuildFile; fileRef = 00FD768F1ADF7E8500B37AA2 /* ViewController.m */; };
		00FD76931ADF7E8500B37AA2 /* Main.storyboard in Resources */ = {isa = PBXBuildFile; fileRef = 00FD76911ADF7E8500B37AA2 /* Main.storyboard */; };
		00FD76951ADF7E8500B37AA2 /* Images.xcassets in Resources */ = {isa = PBXBuildFile; fileRef = 00FD76941ADF7E8500B37AA2 /* Images.xcassets */; };
		00FD76981ADF7E8500B37AA2 /* LaunchScreen.xib in Resources */ = {isa = PBXBuildFile; fileRef = 00FD76961ADF7E8500B37AA2 /* LaunchScreen.xib */; };
		00FD76A41ADF7E8500B37AA2 /* WatchKitSampleProjectTests.m in Sources */ = {isa = PBXBuildFile; fileRef = 00FD76A31ADF7E8500B37AA2 /* WatchKitSampleProjectTests.m */; };
/* End PBXBuildFile section */

/* Begin PBXContainerItemProxy section */
		00FD769E1ADF7E8500B37AA2 /* PBXContainerItemProxy */ = {
			isa = PBXContainerItemProxy;
			containerPortal = 00FD767C1ADF7E8500B37AA2 /* Project object */;
			proxyType = 1;
			remoteGlobalIDString = 00FD76831ADF7E8500B37AA2;
			remoteInfo = WatchKitSampleProject;
		};
/* End PBXContainerItemProxy section */

/* Begin PBXFileReference section */
		00FD76841ADF7E8500B37AA2 /* WatchKitSampleProject.app */ = {isa = PBXFileReference; explicitFileType = wrapper.application; includeInIndex = 0; path = WatchKitSampleProject.app; sourceTree = BUILT_PRODUCTS_DIR; };
		00FD76881ADF7E8500B37AA2 /* Info.plist */ = {isa = PBXFileReference; lastKnownFileType = text.plist.xml; path = Info.plist; sourceTree = "<group>"; };
		00FD76891ADF7E8500B37AA2 /* main.m */ = {isa = PBXFileReference; lastKnownFileType = sourcecode.c.objc; path = main.m; sourceTree = "<group>"; };
		00FD768B1ADF7E8500B37AA2 /* AppDelegate.h */ = {isa = PBXFileReference; lastKnownFileType = sourcecode.c.h; path = AppDelegate.h; sourceTree = "<group>"; };
		00FD768C1ADF7E8500B37AA2 /* AppDelegate.m */ = {isa = PBXFileReference; lastKnownFileType = sourcecode.c.objc; path = AppDelegate.m; sourceTree = "<group>"; };
		00FD768E1ADF7E8500B37AA2 /* ViewController.h */ = {isa = PBXFileReference; lastKnownFileType = sourcecode.c.h; path = ViewController.h; sourceTree = "<group>"; };
		00FD768F1ADF7E8500B37AA2 /* ViewController.m */ = {isa = PBXFileReference; lastKnownFileType = sourcecode.c.objc; path = ViewController.m; sourceTree = "<group>"; };
		00FD76921ADF7E8500B37AA2 /* Base */ = {isa = PBXFileReference; lastKnownFileType = file.storyboard; name = Base; path = Base.lproj/Main.storyboard; sourceTree = "<group>"; };
		00FD76941ADF7E8500B37AA2 /* Images.xcassets */ = {isa = PBXFileReference; lastKnownFileType = folder.assetcatalog; path = Images.xcassets; sourceTree = "<group>"; };
		00FD76971ADF7E8500B37AA2 /* Base */ = {isa = PBXFileReference; lastKnownFileType = file.xib; name = Base; path = Base.lproj/LaunchScreen.xib; sourceTree = "<group>"; };
		00FD769D1ADF7E8500B37AA2 /* WatchKitSampleProjectTests.xctest */ = {isa = PBXFileReference; explicitFileType = wrapper.cfbundle; includeInIndex = 0; path = WatchKitSampleProjectTests.xctest; sourceTree = BUILT_PRODUCTS_DIR; };
		00FD76A21ADF7E8500B37AA2 /* Info.plist */ = {isa = PBXFileReference; lastKnownFileType = text.plist.xml; path = Info.plist; sourceTree = "<group>"; };
		00FD76A31ADF7E8500B37AA2 /* WatchKitSampleProjectTests.m */ = {isa = PBXFileReference; lastKnownFileType = sourcecode.c.objc; path = WatchKitSampleProjectTests.m; sourceTree = "<group>"; };
/* End PBXFileReference section */

/* Begin PBXFrameworksBuildPhase section */
		00FD76811ADF7E8500B37AA2 /* Frameworks */ = {
			isa = PBXFrameworksBuildPhase;
			buildActionMask = 2147483647;
			files = (
			);
			runOnlyForDeploymentPostprocessing = 0;
		};
		00FD769A1ADF7E8500B37AA2 /* Frameworks */ = {
			isa = PBXFrameworksBuildPhase;
			buildActionMask = 2147483647;
			files = (
			);
			runOnlyForDeploymentPostprocessing = 0;
		};
/* End PBXFrameworksBuildPhase section */

/* Begin PBXGroup section */
		00FD767B1ADF7E8500B37AA2 = {
			isa = PBXGroup;
			children = (
				00FD76861ADF7E8500B37AA2 /* WatchKitSampleProject */,
				00FD76A01ADF7E8500B37AA2 /* WatchKitSampleProjectTests */,
				00FD76851ADF7E8500B37AA2 /* Products */,
			);
			sourceTree = "<group>";
		};
		00FD76851ADF7E8500B37AA2 /* Products */ = {
			isa = PBXGroup;
			children = (
				00FD76841ADF7E8500B37AA2 /* WatchKitSampleProject.app */,
				00FD769D1ADF7E8500B37AA2 /* WatchKitSampleProjectTests.xctest */,
			);
			name = Products;
			sourceTree = "<group>";
		};
		00FD76861ADF7E8500B37AA2 /* WatchKitSampleProject */ = {
			isa = PBXGroup;
			children = (
				00FD768B1ADF7E8500B37AA2 /* AppDelegate.h */,
				00FD768C1ADF7E8500B37AA2 /* AppDelegate.m */,
				00FD768E1ADF7E8500B37AA2 /* ViewController.h */,
				00FD768F1ADF7E8500B37AA2 /* ViewController.m */,
				00FD76911ADF7E8500B37AA2 /* Main.storyboard */,
				00FD76941ADF7E8500B37AA2 /* Images.xcassets */,
				00FD76961ADF7E8500B37AA2 /* LaunchScreen.xib */,
				00FD76871ADF7E8500B37AA2 /* Supporting Files */,
			);
			path = WatchKitSampleProject;
			sourceTree = "<group>";
		};
		00FD76871ADF7E8500B37AA2 /* Supporting Files */ = {
			isa = PBXGroup;
			children = (
				00FD76881ADF7E8500B37AA2 /* Info.plist */,
				00FD76891ADF7E8500B37AA2 /* main.m */,
			);
			name = "Supporting Files";
			sourceTree = "<group>";
		};
		00FD76A01ADF7E8500B37AA2 /* WatchKitSampleProjectTests */ = {
			isa = PBXGroup;
			children = (
				00FD76A31ADF7E8500B37AA2 /* WatchKitSampleProjectTests.m */,
				00FD76A11ADF7E8500B37AA2 /* Supporting Files */,
			);
			path = WatchKitSampleProjectTests;
			sourceTree = "<group>";
		};
		00FD76A11ADF7E8500B37AA2 /* Supporting Files */ = {
			isa = PBXGroup;
			children = (
				00FD76A21ADF7E8500B37AA2 /* Info.plist */,
			);
			name = "Supporting Files";
			sourceTree = "<group>";
		};
/* End PBXGroup section */

/* Begin PBXNativeTarget section */
		00FD76831ADF7E8500B37AA2 /* WatchKitSampleProject */ = {
			isa = PBXNativeTarget;
			buildConfigurationList = 00FD76A71ADF7E8500B37AA2 /* Build configuration list for PBXNativeTarget "WatchKitSampleProject" */;
			buildPhases = (
				00FD76801ADF7E8500B37AA2 /* Sources */,
				00FD76811ADF7E8500B37AA2 /* Frameworks */,
				00FD76821ADF7E8500B37AA2 /* Resources */,
			);
			buildRules = (
			);
			dependencies = (
			);
			name = WatchKitSampleProject;
			productName = WatchKitSampleProject;
			productReference = 00FD76841ADF7E8500B37AA2 /* WatchKitSampleProject.app */;
			productType = "com.apple.product-type.application";
		};
		00FD769C1ADF7E8500B37AA2 /* WatchKitSampleProjectTests */ = {
			isa = PBXNativeTarget;
			buildConfigurationList = 00FD76AA1ADF7E8500B37AA2 /* Build configuration list for PBXNativeTarget "WatchKitSampleProjectTests" */;
			buildPhases = (
				00FD76991ADF7E8500B37AA2 /* Sources */,
				00FD769A1ADF7E8500B37AA2 /* Frameworks */,
				00FD769B1ADF7E8500B37AA2 /* Resources */,
			);
			buildRules = (
			);
			dependencies = (
				00FD769F1ADF7E8500B37AA2 /* PBXTargetDependency */,
			);
			name = WatchKitSampleProjectTests;
			productName = WatchKitSampleProjectTests;
			productReference = 00FD769D1ADF7E8500B37AA2 /* WatchKitSampleProjectTests.xctest */;
			productType = "com.apple.product-type.bundle.unit-test";
		};
/* End PBXNativeTarget section */

/* Begin PBXProject section */
		00FD767C1ADF7E8500B37AA2 /* Project object */ = {
			isa = PBXProject;
			attributes = {
				LastUpgradeCheck = 0630;
				ORGANIZATIONNAME = "Suhail Bhat";
				TargetAttributes = {
					00FD76831ADF7E8500B37AA2 = {
						CreatedOnToolsVersion = 6.3;
					};
					00FD769C1ADF7E8500B37AA2 = {
						CreatedOnToolsVersion = 6.3;
						TestTargetID = 00FD76831ADF7E8500B37AA2;
					};
				};
			};
			buildConfigurationList = 00FD767F1ADF7E8500B37AA2 /* Build configuration list for PBXProject "WatchKitSampleProject" */;
			compatibilityVersion = "Xcode 3.2";
			developmentRegion = English;
			hasScannedForEncodings = 0;
			knownRegions = (
				en,
				Base,
			);
			mainGroup = 00FD767B1ADF7E8500B37AA2;
			productRefGroup = 00FD76851ADF7E8500B37AA2 /* Products */;
			projectDirPath = "";
			projectRoot = "";
			targets = (
				00FD76831ADF7E8500B37AA2 /* WatchKitSampleProject */,
				00FD769C1ADF7E8500B37AA2 /* WatchKitSampleProjectTests */,
			);
		};
/* End PBXProject section */

/* Begin PBXResourcesBuildPhase section */
		00FD76821ADF7E8500B37AA2 /* Resources */ = {
			isa = PBXResourcesBuildPhase;
			buildActionMask = 2147483647;
			files = (
				00FD76931ADF7E8500B37AA2 /* Main.storyboard in Resources */,
				00FD76981ADF7E8500B37AA2 /* LaunchScreen.xib in Resources */,
				00FD76951ADF7E8500B37AA2 /* Images.xcassets in Resources */,
			);
			runOnlyForDeploymentPostprocessing = 0;
		};
		00FD769B1ADF7E8500B37AA2 /* Resources */ = {
			isa = PBXResourcesBuildPhase;
			buildActionMask = 2147483647;
			files = (
			);
			runOnlyForDeploymentPostprocessing = 0;
		};
/* End PBXResourcesBuildPhase section */

/* Begin PBXSourcesBuildPhase section */
		00FD76801ADF7E8500B37AA2 /* Sources */ = {
			isa = PBXSourcesBuildPhase;
			buildActionMask = 2147483647;
			files = (
				00FD76901ADF7E8500B37AA2 /* ViewController.m in Sources */,
				00FD768D1ADF7E8500B37AA2 /* AppDelegate.m in Sources */,
				00FD768A1ADF7E8500B37AA2 /* main.m in Sources */,
			);
			runOnlyForDeploymentPostprocessing = 0;
		};
		00FD76991ADF7E8500B37AA2 /* Sources */ = {
			isa = PBXSourcesBuildPhase;
			buildActionMask = 2147483647;
			files = (
				00FD76A41ADF7E8500B37AA2 /* WatchKitSampleProjectTests.m in Sources */,
			);
			runOnlyForDeploymentPostprocessing = 0;
		};
/* End PBXSourcesBuildPhase section */

/* Begin PBXTargetDependency section */
		00FD769F1ADF7E8500B37AA2 /* PBXTargetDependency */ = {
			isa = PBXTargetDependency;
			target = 00FD76831ADF7E8500B37AA2 /* WatchKitSampleProject */;
			targetProxy = 00FD769E1ADF7E8500B37AA2 /* PBXContainerItemProxy */;
		};
/* End PBXTargetDependency section */

/* Begin PBXVariantGroup section */
		00FD76911ADF7E8500B37AA2 /* Main.storyboard */ = {
			isa = PBXVariantGroup;
			children = (
				00FD76921ADF7E8500B37AA2 /* Base */,
			);
			name = Main.storyboard;
			sourceTree = "<group>";
		};
		00FD76961ADF7E8500B37AA2 /* LaunchScreen.xib */ = {
			isa = PBXVariantGroup;
			children = (
				00FD76971ADF7E8500B37AA2 /* Base */,
			);
			name = LaunchScreen.xib;
			sourceTree = "<group>";
		};
/* End PBXVariantGroup section */

/* Begin XCBuildConfiguration section */
		00FD76A51ADF7E8500B37AA2 /* Debug */ = {
			isa = XCBuildConfiguration;
			buildSettings = {
				ALWAYS_SEARCH_USER_PATHS = NO;
				CLANG_CXX_LANGUAGE_STANDARD = "gnu++0x";
				CLANG_CXX_LIBRARY = "libc++";
				CLANG_ENABLE_MODULES = YES;
				CLANG_ENABLE_OBJC_ARC = YES;
				CLANG_WARN_BOOL_CONVERSION = YES;
				CLANG_WARN_CONSTANT_CONVERSION = YES;
				CLANG_WARN_DIRECT_OBJC_ISA_USAGE = YES_ERROR;
				CLANG_WARN_EMPTY_BODY = YES;
				CLANG_WARN_ENUM_CONVERSION = YES;
				CLANG_WARN_INT_CONVERSION = YES;
				CLANG_WARN_OBJC_ROOT_CLASS = YES_ERROR;
				CLANG_WARN_UNREACHABLE_CODE = YES;
				CLANG_WARN__DUPLICATE_METHOD_MATCH = YES;
				"CODE_SIGN_IDENTITY[sdk=iphoneos*]" = "iPhone Developer";
				COPY_PHASE_STRIP = NO;
				DEBUG_INFORMATION_FORMAT = "dwarf-with-dsym";
				ENABLE_STRICT_OBJC_MSGSEND = YES;
				GCC_C_LANGUAGE_STANDARD = gnu99;
				GCC_DYNAMIC_NO_PIC = NO;
				GCC_NO_COMMON_BLOCKS = YES;
				GCC_OPTIMIZATION_LEVEL = 0;
				GCC_PREPROCESSOR_DEFINITIONS = (
					"DEBUG=1",
					"$(inherited)",
				);
				GCC_SYMBOLS_PRIVATE_EXTERN = NO;
				GCC_WARN_64_TO_32_BIT_CONVERSION = YES;
				GCC_WARN_ABOUT_RETURN_TYPE = YES_ERROR;
				GCC_WARN_UNDECLARED_SELECTOR = YES;
				GCC_WARN_UNINITIALIZED_AUTOS = YES_AGGRESSIVE;
				GCC_WARN_UNUSED_FUNCTION = YES;
				GCC_WARN_UNUSED_VARIABLE = YES;
				IPHONEOS_DEPLOYMENT_TARGET = 8.3;
				MTL_ENABLE_DEBUG_INFO = YES;
				ONLY_ACTIVE_ARCH = YES;
				SDKROOT = iphoneos;
				TARGETED_DEVICE_FAMILY = "1,2";
			};
			name = Debug;
		};
		00FD76A61ADF7E8500B37AA2 /* Release */ = {
			isa = XCBuildConfiguration;
			buildSettings = {
				ALWAYS_SEARCH_USER_PATHS = NO;
				CLANG_CXX_LANGUAGE_STANDARD = "gnu++0x";
				CLANG_CXX_LIBRARY = "libc++";
				CLANG_ENABLE_MODULES = YES;
				CLANG_ENABLE_OBJC_ARC = YES;
				CLANG_WARN_BOOL_CONVERSION = YES;
				CLANG_WARN_CONSTANT_CONVERSION = YES;
				CLANG_WARN_DIRECT_OBJC_ISA_USAGE = YES_ERROR;
				CLANG_WARN_EMPTY_BODY = YES;
				CLANG_WARN_ENUM_CONVERSION = YES;
				CLANG_WARN_INT_CONVERSION = YES;
				CLANG_WARN_OBJC_ROOT_CLASS = YES_ERROR;
				CLANG_WARN_UNREACHABLE_CODE = YES;
				CLANG_WARN__DUPLICATE_METHOD_MATCH = YES;
				"CODE_SIGN_IDENTITY[sdk=iphoneos*]" = "iPhone Developer";
				COPY_PHASE_STRIP = NO;
				DEBUG_INFORMATION_FORMAT = "dwarf-with-dsym";
				ENABLE_NS_ASSERTIONS = NO;
				ENABLE_STRICT_OBJC_MSGSEND = YES;
				GCC_C_LANGUAGE_STANDARD = gnu99;
				GCC_NO_COMMON_BLOCKS = YES;
				GCC_WARN_64_TO_32_BIT_CONVERSION = YES;
				GCC_WARN_ABOUT_RETURN_TYPE = YES_ERROR;
				GCC_WARN_UNDECLARED_SELECTOR = YES;
				GCC_WARN_UNINITIALIZED_AUTOS = YES_AGGRESSIVE;
				GCC_WARN_UNUSED_FUNCTION = YES;
				GCC_WARN_UNUSED_VARIABLE = YES;
				IPHONEOS_DEPLOYMENT_TARGET = 8.3;
				MTL_ENABLE_DEBUG_INFO = NO;
				SDKROOT = iphoneos;
				TARGETED_DEVICE_FAMILY = "1,2";
				VALIDATE_PRODUCT = YES;
			};
			name = Release;
		};
		00FD76A81ADF7E8500B37AA2 /* Debug */ = {
			isa = XCBuildConfiguration;
			buildSettings = {
				ASSETCATALOG_COMPILER_APPICON_NAME = AppIcon;
				INFOPLIST_FILE = WatchKitSampleProject/Info.plist;
				LD_RUNPATH_SEARCH_PATHS = "$(inherited) @executable_path/Frameworks";
				PRODUCT_NAME = "$(TARGET_NAME)";
			};
			name = Debug;
		};
		00FD76A91ADF7E8500B37AA2 /* Release */ = {
			isa = XCBuildConfiguration;
			buildSettings = {
				ASSETCATALOG_COMPILER_APPICON_NAME = AppIcon;
				INFOPLIST_FILE = WatchKitSampleProject/Info.plist;
				LD_RUNPATH_SEARCH_PATHS = "$(inherited) @executable_path/Frameworks";
				PRODUCT_NAME = "$(TARGET_NAME)";
			};
			name = Release;
		};
		00FD76AB1ADF7E8500B37AA2 /* Debug */ = {
			isa = XCBuildConfiguration;
			buildSettings = {
				BUNDLE_LOADER = "$(TEST_HOST)";
				FRAMEWORK_SEARCH_PATHS = (
					"$(SDKROOT)/Developer/Library/Frameworks",
					"$(inherited)",
				);
				GCC_PREPROCESSOR_DEFINITIONS = (
					"DEBUG=1",
					"$(inherited)",
				);
				INFOPLIST_FILE = WatchKitSampleProjectTests/Info.plist;
				LD_RUNPATH_SEARCH_PATHS = "$(inherited) @executable_path/Frameworks @loader_path/Frameworks";
				PRODUCT_NAME = "$(TARGET_NAME)";
				TEST_HOST = "$(BUILT_PRODUCTS_DIR)/WatchKitSampleProject.app/WatchKitSampleProject";
			};
			name = Debug;
		};
		00FD76AC1ADF7E8500B37AA2 /* Release */ = {
			isa = XCBuildConfiguration;
			buildSettings = {
				BUNDLE_LOADER = "$(TEST_HOST)";
				FRAMEWORK_SEARCH_PATHS = (
					"$(SDKROOT)/Developer/Library/Frameworks",
					"$(inherited)",
				);
				INFOPLIST_FILE = WatchKitSampleProjectTests/Info.plist;
				LD_RUNPATH_SEARCH_PATHS = "$(inherited) @executable_path/Frameworks @loader_path/Frameworks";
				PRODUCT_NAME = "$(TARGET_NAME)";
				TEST_HOST = "$(BUILT_PRODUCTS_DIR)/WatchKitSampleProject.app/WatchKitSampleProject";
			};
			name = Release;
		};
/* End XCBuildConfiguration section */

/* Begin XCConfigurationList section */
		00FD767F1ADF7E8500B37AA2 /* Build configuration list for PBXProject "WatchKitSampleProject" */ = {
			isa = XCConfigurationList;
			buildConfigurations = (
				00FD76A51ADF7E8500B37AA2 /* Debug */,
				00FD76A61ADF7E8500B37AA2 /* Release */,
			);
			defaultConfigurationIsVisible = 0;
			defaultConfigurationName = Release;
		};
		00FD76A71ADF7E8500B37AA2 /* Build configuration list for PBXNativeTarget "WatchKitSampleProject" */ = {
			isa = XCConfigurationList;
			buildConfigurations = (
				00FD76A81ADF7E8500B37AA2 /* Debug */,
				00FD76A91ADF7E8500B37AA2 /* Release */,
			);
			defaultConfigurationIsVisible = 0;
		};
		00FD76AA1ADF7E8500B37AA2 /* Build configuration list for PBXNativeTarget "WatchKitSampleProjectTests" */ = {
			isa = XCConfigurationList;
			buildConfigurations = (
				00FD76AB1ADF7E8500B37AA2 /* Debug */,
				00FD76AC1ADF7E8500B37AA2 /* Release */,
			);
			defaultConfigurationIsVisible = 0;
		};
/* End XCConfigurationList section */
	};
	rootObject = 00FD767C1ADF7E8500B37AA2 /* Project object */;
}
